
Microsoft Visual Studio Solution File, Format Version 12.00
# Visual Studio 15
Project("{FAE04EC0-301F-11D3-BF4B-00C04F79EFBC}") = "PlainShellPOC.Android", "PlainShellPOC.Android\PlainShellPOC.Android.csproj", "{7C647555-91E5-416C-BED6-57F4E875FF22}"
EndProject
Project("{FAE04EC0-301F-11D3-BF4B-00C04F79EFBC}") = "PlainShellPOC.iOS", "PlainShellPOC.iOS\PlainShellPOC.iOS.csproj", "{0957A38D-DF36-41CC-A37F-B107528543C4}"
EndProject
Project("{FAE04EC0-301F-11D3-BF4B-00C04F79EFBC}") = "PlainShellPOC", "PlainShellPOC\PlainShellPOC.csproj", "{4A9EFD72-ACBD-4474-870B-23876E8BC149}"
EndProject
Global
	GlobalSection(SolutionConfigurationPlatforms) = preSolution
		Debug|Any CPU = Debug|Any CPU
		Release|Any CPU = Release|Any CPU
		Debug|iPhoneSimulator = Debug|iPhoneSimulator
		Release|iPhoneSimulator = Release|iPhoneSimulator
		Debug|iPhone = Debug|iPhone
		Release|iPhone = Release|iPhone
	EndGlobalSection
	GlobalSection(ProjectConfigurationPlatforms) = postSolution
		{7C647555-91E5-416C-BED6-57F4E875FF22}.Debug|Any CPU.ActiveCfg = Debug|Any CPU
		{7C647555-91E5-416C-BED6-57F4E875FF22}.Debug|Any CPU.Build.0 = Debug|Any CPU
		{7C647555-91E5-416C-BED6-57F4E875FF22}.Release|Any CPU.ActiveCfg = Release|Any CPU
		{7C647555-91E5-416C-BED6-57F4E875FF22}.Release|Any CPU.Build.0 = Release|Any CPU
		{7C647555-91E5-416C-BED6-57F4E875FF22}.Debug|iPhoneSimulator.ActiveCfg = Debug|Any CPU
		{7C647555-91E5-416C-BED6-57F4E875FF22}.Debug|iPhoneSimulator.Build.0 = Debug|Any CPU
		{7C647555-91E5-416C-BED6-57F4E875FF22}.Release|iPhoneSimulator.ActiveCfg = Release|Any CPU
		{7C647555-91E5-416C-BED6-57F4E875FF22}.Release|iPhoneSimulator.Build.0 = Release|Any CPU
		{7C647555-91E5-416C-BED6-57F4E875FF22}.Debug|iPhone.ActiveCfg = Debug|Any CPU
		{7C647555-91E5-416C-BED6-57F4E875FF22}.Debug|iPhone.Build.0 = Debug|Any CPU
		{7C647555-91E5-416C-BED6-57F4E875FF22}.Release|iPhone.ActiveCfg = Release|Any CPU
		{7C647555-91E5-416C-BED6-57F4E875FF22}.Release|iPhone.Build.0 = Release|Any CPU
		{0957A38D-DF36-41CC-A37F-B107528543C4}.Debug|Any CPU.ActiveCfg = Debug|iPhoneSimulator
		{0957A38D-DF36-41CC-A37F-B107528543C4}.Debug|Any CPU.Build.0 = Debug|iPhoneSimulator
		{0957A38D-DF36-41CC-A37F-B107528543C4}.Release|Any CPU.ActiveCfg = Release|iPhoneSimulator
		{0957A38D-DF36-41CC-A37F-B107528543C4}.Release|Any CPU.Build.0 = Release|iPhoneSimulator
		{0957A38D-DF36-41CC-A37F-B107528543C4}.Debug|iPhoneSimulator.ActiveCfg = Debug|iPhoneSimulator
		{0957A38D-DF36-41CC-A37F-B107528543C4}.Debug|iPhoneSimulator.Build.0 = Debug|iPhoneSimulator
		{0957A38D-DF36-41CC-A37F-B107528543C4}.Release|iPhoneSimulator.ActiveCfg = Release|iPhoneSimulator
		{0957A38D-DF36-41CC-A37F-B107528543C4}.Release|iPhoneSimulator.Build.0 = Release|iPhoneSimulator
		{0957A38D-DF36-41CC-A37F-B107528543C4}.Debug|iPhone.ActiveCfg = Debug|iPhone
		{0957A38D-DF36-41CC-A37F-B107528543C4}.Debug|iPhone.Build.0 = Debug|iPhone
		{0957A38D-DF36-41CC-A37F-B107528543C4}.Release|iPhone.ActiveCfg = Release|iPhone
		{0957A38D-DF36-41CC-A37F-B107528543C4}.Release|iPhone.Build.0 = Release|iPhone
		{4A9EFD72-ACBD-4474-870B-23876E8BC149}.Debug|Any CPU.ActiveCfg = Debug|Any CPU
		{4A9EFD72-ACBD-4474-870B-23876E8BC149}.Debug|Any CPU.Build.0 = Debug|Any CPU
		{4A9EFD72-ACBD-4474-870B-23876E8BC149}.Release|Any CPU.ActiveCfg = Release|Any CPU
		{4A9EFD72-ACBD-4474-870B-23876E8BC149}.Release|Any CPU.Build.0 = Release|Any CPU
		{4A9EFD72-ACBD-4474-870B-23876E8BC149}.Debug|iPhoneSimulator.ActiveCfg = Debug|Any CPU
		{4A9EFD72-ACBD-4474-870B-23876E8BC149}.Debug|iPhoneSimulator.Build.0 = Debug|Any CPU
		{4A9EFD72-ACBD-4474-870B-23876E8BC149}.Release|iPhoneSimulator.ActiveCfg = Release|Any CPU
		{4A9EFD72-ACBD-4474-870B-23876E8BC149}.Release|iPhoneSimulator.Build.0 = Release|Any CPU
		{4A9EFD72-ACBD-4474-870B-23876E8BC149}.Debug|iPhone.ActiveCfg = Debug|Any CPU
		{4A9EFD72-ACBD-4474-870B-23876E8BC149}.Debug|iPhone.Build.0 = Debug|Any CPU
		{4A9EFD72-ACBD-4474-870B-23876E8BC149}.Release|iPhone.ActiveCfg = Release|Any CPU
		{4A9EFD72-ACBD-4474-870B-23876E8BC149}.Release|iPhone.Build.0 = Release|Any CPU
	EndGlobalSection
EndGlobal
